
Microsoft Visual Studio Solution File, Format Version 12.00
# Visual Studio Version 17
VisualStudioVersion = 17.6.33829.357
MinimumVisualStudioVersion = 10.0.40219.1
Project("{9A19103F-16F7-4668-BE54-9A1E7A4F7556}") = "Exo-00-Intro", "Exo-00-Intro\Exo-00-Intro.csproj", "{B409074B-64CE-4C80-9F8F-E102A3F1E42F}"
EndProject
Project("{9A19103F-16F7-4668-BE54-9A1E7A4F7556}") = "Demo-Variable-Type", "Demo-Variable-Type\Demo-Variable-Type.csproj", "{2DFDE79E-B24A-4014-99CD-BF0F7D9C618C}"
EndProject
Project("{9A19103F-16F7-4668-BE54-9A1E7A4F7556}") = "Demo-Variable-Conversion", "Demo-Variable-Conversion\Demo-Variable-Conversion.csproj", "{E7DF3E8D-05B9-4954-8F17-B393EB632DC2}"
EndProject
Project("{2150E333-8FDC-42A3-9474-1A3956D46DE8}") = "Demos", "Demos", "{E7E1E16A-47E7-400B-B5D9-D9CC4C439657}"
EndProject
Project("{2150E333-8FDC-42A3-9474-1A3956D46DE8}") = "Exos", "Exos", "{A2B04815-5156-4848-AF2E-63C481BB2E2A}"
EndProject
Project("{9A19103F-16F7-4668-BE54-9A1E7A4F7556}") = "Exo-01-Conversion", "Exo-01-Conversion\Exo-01-Conversion.csproj", "{23E95C5B-961A-4C6F-9AEC-413FF311266E}"
EndProject
Project("{9A19103F-16F7-4668-BE54-9A1E7A4F7556}") = "Exo-02-PairImpair", "Exo-02-PairImpair\Exo-02-PairImpair.csproj", "{01F95316-1554-4B06-A605-2907B5A26FB4}"
EndProject
Project("{9A19103F-16F7-4668-BE54-9A1E7A4F7556}") = "Exo-03-JeuxHasard", "Exo-03-JeuxHasard\Exo-03-JeuxHasard.csproj", "{B77F4607-BE53-42C4-99EA-111F5B4245D1}"
EndProject
Project("{9A19103F-16F7-4668-BE54-9A1E7A4F7556}") = "Demo-Operateurs-Incrementation", "Demo-Operateurs-Incrementation\Demo-Operateurs-Incrementation.csproj", "{4E6B5277-C900-4B46-8FF9-4F01D0A09C09}"
EndProject
Project("{9A19103F-16F7-4668-BE54-9A1E7A4F7556}") = "Demo-Operateurs-Ternaire", "Demo-Operateurs-Ternaire\Demo-Operateurs-Ternaire.csproj", "{FEC07B71-59D0-4D2F-B34F-F29AC13258A8}"
EndProject
Project("{9A19103F-16F7-4668-BE54-9A1E7A4F7556}") = "Demo-Fonctions-Substring", "Demo-Fonctions-Substring\Demo-Fonctions-Substring.csproj", "{DFB4F18B-9127-4B18-9232-5CDD6343CBC7}"
EndProject
Project("{9A19103F-16F7-4668-BE54-9A1E7A4F7556}") = "Exo-04-Divisions", "Exo-04-Divisions\Exo-04-Divisions.csproj", "{7CD5DAD3-180E-4B9F-B391-0EB7FEF28840}"
EndProject
Project("{9A19103F-16F7-4668-BE54-9A1E7A4F7556}") = "Exo-05-BBAN", "Exo-05-BBAN\Exo-05-BBAN.csproj", "{69628EDE-A040-48DA-BB1C-2929A6642967}"
EndProject
Project("{9A19103F-16F7-4668-BE54-9A1E7A4F7556}") = "Exo-06-IBAN", "Exo-06-IBAN\Exo-06-IBAN.csproj", "{80A7B584-5C36-4619-9BA4-F49360B95CFD}"
EndProject
Project("{9A19103F-16F7-4668-BE54-9A1E7A4F7556}") = "Demo-Boucles-WhileDoWhile", "Demo-Boucles-WhileDoWhile\Demo-Boucles-WhileDoWhile.csproj", "{7B31383A-DF62-4B46-A86C-4053DEA03644}"
EndProject
Project("{9A19103F-16F7-4668-BE54-9A1E7A4F7556}") = "Exo-07-BoucleDouble", "Exo-07-BoucleDouble\Exo-07-BoucleDouble.csproj", "{2D03361F-DC5D-4879-8B43-70E04F57CC70}"
EndProject
Project("{9A19103F-16F7-4668-BE54-9A1E7A4F7556}") = "Exo-08-Multiplication", "Exo-08-Multiplication\Exo-08-Multiplication.csproj", "{7449E139-A305-420F-93B7-10C23705A22D}"
EndProject
Project("{9A19103F-16F7-4668-BE54-9A1E7A4F7556}") = "Exo-09-Fibonacci", "Exo-09-Fibonacci\Exo-09-Fibonacci.csproj", "{F95F050C-C66F-4A1D-B8C3-907FE393C5C2}"
EndProject
Project("{9A19103F-16F7-4668-BE54-9A1E7A4F7556}") = "Exo-10-Factoriel", "Exo-10-Factoriel\Exo-10-Factoriel.csproj", "{149BD9A7-37AF-43BA-8A63-D51E524B6574}"
EndProject
Project("{9A19103F-16F7-4668-BE54-9A1E7A4F7556}") = "Exo-11-NombresPremiers", "Exo-11-NombresPremiers\Exo-11-NombresPremiers.csproj", "{9C777C35-B6DB-4D1F-8B10-B51770AC4915}"
EndProject
Project("{9A19103F-16F7-4668-BE54-9A1E7A4F7556}") = "Demo-Tableau-AvecForeach", "Demo-Tableau-AvecForeach\Demo-Tableau-AvecForeach.csproj", "{1C326C80-2032-4826-B72C-9035E6FE7CAA}"
EndProject
Project("{9A19103F-16F7-4668-BE54-9A1E7A4F7556}") = "Demo-Tableau-MultiDim", "Demo-Tableau-MultiDim\Demo-Tableau-MultiDim.csproj", "{3465CE58-20F9-4DCB-91AB-75986491C195}"
EndProject
Project("{9A19103F-16F7-4668-BE54-9A1E7A4F7556}") = "Demo-Collections-Dictionnaire", "Demo-Collections-Dictionnaire\Demo-Collections-Dictionnaire.csproj", "{D49F1FFC-2145-4B7A-AB5B-54771F570D0F}"
EndProject
Project("{9A19103F-16F7-4668-BE54-9A1E7A4F7556}") = "Demo-Fonctions-ToCharArray", "Demo-Fonctions-ToCharArray\Demo-Fonctions-ToCharArray.csproj", "{16C8299C-E2BD-48B1-AA41-FCB4651AADE8}"
EndProject
Project("{9A19103F-16F7-4668-BE54-9A1E7A4F7556}") = "Exo-12-CalculEcrit", "Exo-12-CalculEcrit\Exo-12-CalculEcrit.csproj", "{D3374358-E821-40D1-ACF2-620DF7937598}"
EndProject
Project("{9A19103F-16F7-4668-BE54-9A1E7A4F7556}") = "Exo-13-TableauScores", "Exo-13-TableauScores\Exo-13-TableauScores.csproj", "{14F50745-ABE2-42CD-BE1E-43482371CBF1}"
EndProject
Project("{9A19103F-16F7-4668-BE54-9A1E7A4F7556}") = "Exo-14-Pion", "Exo-14-Pion\Exo-14-Pion.csproj", "{0AE48FE4-B3A5-4DF2-8C10-1939D863119A}"
EndProject
Project("{9A19103F-16F7-4668-BE54-9A1E7A4F7556}") = "Exo-15-ListeCourse", "Exo-15-ListeCourse\Exo-15-ListeCourse.csproj", "{F2DB0479-A03F-4EAB-BFD2-E124A2E4B673}"
EndProject
Project("{9A19103F-16F7-4668-BE54-9A1E7A4F7556}") = "Demo-Struct-Heure", "Demo-Struct-Heure\Demo-Struct-Heure.csproj", "{E0303856-B35A-4FBA-8FE7-CC8EB3894FCC}"
EndProject
Project("{9A19103F-16F7-4668-BE54-9A1E7A4F7556}") = "Exo-16-StructureAudio", "Exo-16-StructureAudio\Exo-16-StructureAudio.csproj", "{C2C08A26-07A1-4C89-A477-6843B97DA35E}"
EndProject
Project("{FAE04EC0-301F-11D3-BF4B-00C04F79EFBC}") = "Exo-17-TableauPoints", "Exo-17-TableauPoints\Exo-17-TableauPoints.csproj", "{93996137-7E95-4EA2-B196-AFB840143300}"
EndProject
Global
	GlobalSection(SolutionConfigurationPlatforms) = preSolution
		Debug|Any CPU = Debug|Any CPU
		Release|Any CPU = Release|Any CPU
	EndGlobalSection
	GlobalSection(ProjectConfigurationPlatforms) = postSolution
		{B409074B-64CE-4C80-9F8F-E102A3F1E42F}.Debug|Any CPU.ActiveCfg = Debug|Any CPU
		{B409074B-64CE-4C80-9F8F-E102A3F1E42F}.Debug|Any CPU.Build.0 = Debug|Any CPU
		{B409074B-64CE-4C80-9F8F-E102A3F1E42F}.Release|Any CPU.ActiveCfg = Release|Any CPU
		{B409074B-64CE-4C80-9F8F-E102A3F1E42F}.Release|Any CPU.Build.0 = Release|Any CPU
		{2DFDE79E-B24A-4014-99CD-BF0F7D9C618C}.Debug|Any CPU.ActiveCfg = Debug|Any CPU
		{2DFDE79E-B24A-4014-99CD-BF0F7D9C618C}.Debug|Any CPU.Build.0 = Debug|Any CPU
		{2DFDE79E-B24A-4014-99CD-BF0F7D9C618C}.Release|Any CPU.ActiveCfg = Release|Any CPU
		{2DFDE79E-B24A-4014-99CD-BF0F7D9C618C}.Release|Any CPU.Build.0 = Release|Any CPU
		{E7DF3E8D-05B9-4954-8F17-B393EB632DC2}.Debug|Any CPU.ActiveCfg = Debug|Any CPU
		{E7DF3E8D-05B9-4954-8F17-B393EB632DC2}.Debug|Any CPU.Build.0 = Debug|Any CPU
		{E7DF3E8D-05B9-4954-8F17-B393EB632DC2}.Release|Any CPU.ActiveCfg = Release|Any CPU
		{E7DF3E8D-05B9-4954-8F17-B393EB632DC2}.Release|Any CPU.Build.0 = Release|Any CPU
		{23E95C5B-961A-4C6F-9AEC-413FF311266E}.Debug|Any CPU.ActiveCfg = Debug|Any CPU
		{23E95C5B-961A-4C6F-9AEC-413FF311266E}.Debug|Any CPU.Build.0 = Debug|Any CPU
		{23E95C5B-961A-4C6F-9AEC-413FF311266E}.Release|Any CPU.ActiveCfg = Release|Any CPU
		{23E95C5B-961A-4C6F-9AEC-413FF311266E}.Release|Any CPU.Build.0 = Release|Any CPU
		{01F95316-1554-4B06-A605-2907B5A26FB4}.Debug|Any CPU.ActiveCfg = Debug|Any CPU
		{01F95316-1554-4B06-A605-2907B5A26FB4}.Debug|Any CPU.Build.0 = Debug|Any CPU
		{01F95316-1554-4B06-A605-2907B5A26FB4}.Release|Any CPU.ActiveCfg = Release|Any CPU
		{01F95316-1554-4B06-A605-2907B5A26FB4}.Release|Any CPU.Build.0 = Release|Any CPU
		{B77F4607-BE53-42C4-99EA-111F5B4245D1}.Debug|Any CPU.ActiveCfg = Debug|Any CPU
		{B77F4607-BE53-42C4-99EA-111F5B4245D1}.Debug|Any CPU.Build.0 = Debug|Any CPU
		{B77F4607-BE53-42C4-99EA-111F5B4245D1}.Release|Any CPU.ActiveCfg = Release|Any CPU
		{B77F4607-BE53-42C4-99EA-111F5B4245D1}.Release|Any CPU.Build.0 = Release|Any CPU
		{4E6B5277-C900-4B46-8FF9-4F01D0A09C09}.Debug|Any CPU.ActiveCfg = Debug|Any CPU
		{4E6B5277-C900-4B46-8FF9-4F01D0A09C09}.Debug|Any CPU.Build.0 = Debug|Any CPU
		{4E6B5277-C900-4B46-8FF9-4F01D0A09C09}.Release|Any CPU.ActiveCfg = Release|Any CPU
		{4E6B5277-C900-4B46-8FF9-4F01D0A09C09}.Release|Any CPU.Build.0 = Release|Any CPU
		{FEC07B71-59D0-4D2F-B34F-F29AC13258A8}.Debug|Any CPU.ActiveCfg = Debug|Any CPU
		{FEC07B71-59D0-4D2F-B34F-F29AC13258A8}.Debug|Any CPU.Build.0 = Debug|Any CPU
		{FEC07B71-59D0-4D2F-B34F-F29AC13258A8}.Release|Any CPU.ActiveCfg = Release|Any CPU
		{FEC07B71-59D0-4D2F-B34F-F29AC13258A8}.Release|Any CPU.Build.0 = Release|Any CPU
		{DFB4F18B-9127-4B18-9232-5CDD6343CBC7}.Debug|Any CPU.ActiveCfg = Debug|Any CPU
		{DFB4F18B-9127-4B18-9232-5CDD6343CBC7}.Debug|Any CPU.Build.0 = Debug|Any CPU
		{DFB4F18B-9127-4B18-9232-5CDD6343CBC7}.Release|Any CPU.ActiveCfg = Release|Any CPU
		{DFB4F18B-9127-4B18-9232-5CDD6343CBC7}.Release|Any CPU.Build.0 = Release|Any CPU
		{7CD5DAD3-180E-4B9F-B391-0EB7FEF28840}.Debug|Any CPU.ActiveCfg = Debug|Any CPU
		{7CD5DAD3-180E-4B9F-B391-0EB7FEF28840}.Debug|Any CPU.Build.0 = Debug|Any CPU
		{7CD5DAD3-180E-4B9F-B391-0EB7FEF28840}.Release|Any CPU.ActiveCfg = Release|Any CPU
		{7CD5DAD3-180E-4B9F-B391-0EB7FEF28840}.Release|Any CPU.Build.0 = Release|Any CPU
		{69628EDE-A040-48DA-BB1C-2929A6642967}.Debug|Any CPU.ActiveCfg = Debug|Any CPU
		{69628EDE-A040-48DA-BB1C-2929A6642967}.Debug|Any CPU.Build.0 = Debug|Any CPU
		{69628EDE-A040-48DA-BB1C-2929A6642967}.Release|Any CPU.ActiveCfg = Release|Any CPU
		{69628EDE-A040-48DA-BB1C-2929A6642967}.Release|Any CPU.Build.0 = Release|Any CPU
		{80A7B584-5C36-4619-9BA4-F49360B95CFD}.Debug|Any CPU.ActiveCfg = Debug|Any CPU
		{80A7B584-5C36-4619-9BA4-F49360B95CFD}.Debug|Any CPU.Build.0 = Debug|Any CPU
		{80A7B584-5C36-4619-9BA4-F49360B95CFD}.Release|Any CPU.ActiveCfg = Release|Any CPU
		{80A7B584-5C36-4619-9BA4-F49360B95CFD}.Release|Any CPU.Build.0 = Release|Any CPU
		{7B31383A-DF62-4B46-A86C-4053DEA03644}.Debug|Any CPU.ActiveCfg = Debug|Any CPU
		{7B31383A-DF62-4B46-A86C-4053DEA03644}.Debug|Any CPU.Build.0 = Debug|Any CPU
		{7B31383A-DF62-4B46-A86C-4053DEA03644}.Release|Any CPU.ActiveCfg = Release|Any CPU
		{7B31383A-DF62-4B46-A86C-4053DEA03644}.Release|Any CPU.Build.0 = Release|Any CPU
		{2D03361F-DC5D-4879-8B43-70E04F57CC70}.Debug|Any CPU.ActiveCfg = Debug|Any CPU
		{2D03361F-DC5D-4879-8B43-70E04F57CC70}.Debug|Any CPU.Build.0 = Debug|Any CPU
		{2D03361F-DC5D-4879-8B43-70E04F57CC70}.Release|Any CPU.ActiveCfg = Release|Any CPU
		{2D03361F-DC5D-4879-8B43-70E04F57CC70}.Release|Any CPU.Build.0 = Release|Any CPU
		{7449E139-A305-420F-93B7-10C23705A22D}.Debug|Any CPU.ActiveCfg = Debug|Any CPU
		{7449E139-A305-420F-93B7-10C23705A22D}.Debug|Any CPU.Build.0 = Debug|Any CPU
		{7449E139-A305-420F-93B7-10C23705A22D}.Release|Any CPU.ActiveCfg = Release|Any CPU
		{7449E139-A305-420F-93B7-10C23705A22D}.Release|Any CPU.Build.0 = Release|Any CPU
		{F95F050C-C66F-4A1D-B8C3-907FE393C5C2}.Debug|Any CPU.ActiveCfg = Debug|Any CPU
		{F95F050C-C66F-4A1D-B8C3-907FE393C5C2}.Debug|Any CPU.Build.0 = Debug|Any CPU
		{F95F050C-C66F-4A1D-B8C3-907FE393C5C2}.Release|Any CPU.ActiveCfg = Release|Any CPU
		{F95F050C-C66F-4A1D-B8C3-907FE393C5C2}.Release|Any CPU.Build.0 = Release|Any CPU
		{149BD9A7-37AF-43BA-8A63-D51E524B6574}.Debug|Any CPU.ActiveCfg = Debug|Any CPU
		{149BD9A7-37AF-43BA-8A63-D51E524B6574}.Debug|Any CPU.Build.0 = Debug|Any CPU
		{149BD9A7-37AF-43BA-8A63-D51E524B6574}.Release|Any CPU.ActiveCfg = Release|Any CPU
		{149BD9A7-37AF-43BA-8A63-D51E524B6574}.Release|Any CPU.Build.0 = Release|Any CPU
		{9C777C35-B6DB-4D1F-8B10-B51770AC4915}.Debug|Any CPU.ActiveCfg = Debug|Any CPU
		{9C777C35-B6DB-4D1F-8B10-B51770AC4915}.Debug|Any CPU.Build.0 = Debug|Any CPU
		{9C777C35-B6DB-4D1F-8B10-B51770AC4915}.Release|Any CPU.ActiveCfg = Release|Any CPU
		{9C777C35-B6DB-4D1F-8B10-B51770AC4915}.Release|Any CPU.Build.0 = Release|Any CPU
		{1C326C80-2032-4826-B72C-9035E6FE7CAA}.Debug|Any CPU.ActiveCfg = Debug|Any CPU
		{1C326C80-2032-4826-B72C-9035E6FE7CAA}.Debug|Any CPU.Build.0 = Debug|Any CPU
		{1C326C80-2032-4826-B72C-9035E6FE7CAA}.Release|Any CPU.ActiveCfg = Release|Any CPU
		{1C326C80-2032-4826-B72C-9035E6FE7CAA}.Release|Any CPU.Build.0 = Release|Any CPU
		{3465CE58-20F9-4DCB-91AB-75986491C195}.Debug|Any CPU.ActiveCfg = Debug|Any CPU
		{3465CE58-20F9-4DCB-91AB-75986491C195}.Debug|Any CPU.Build.0 = Debug|Any CPU
		{3465CE58-20F9-4DCB-91AB-75986491C195}.Release|Any CPU.ActiveCfg = Release|Any CPU
		{3465CE58-20F9-4DCB-91AB-75986491C195}.Release|Any CPU.Build.0 = Release|Any CPU
		{D49F1FFC-2145-4B7A-AB5B-54771F570D0F}.Debug|Any CPU.ActiveCfg = Debug|Any CPU
		{D49F1FFC-2145-4B7A-AB5B-54771F570D0F}.Debug|Any CPU.Build.0 = Debug|Any CPU
		{D49F1FFC-2145-4B7A-AB5B-54771F570D0F}.Release|Any CPU.ActiveCfg = Release|Any CPU
		{D49F1FFC-2145-4B7A-AB5B-54771F570D0F}.Release|Any CPU.Build.0 = Release|Any CPU
		{16C8299C-E2BD-48B1-AA41-FCB4651AADE8}.Debug|Any CPU.ActiveCfg = Debug|Any CPU
		{16C8299C-E2BD-48B1-AA41-FCB4651AADE8}.Debug|Any CPU.Build.0 = Debug|Any CPU
		{16C8299C-E2BD-48B1-AA41-FCB4651AADE8}.Release|Any CPU.ActiveCfg = Release|Any CPU
		{16C8299C-E2BD-48B1-AA41-FCB4651AADE8}.Release|Any CPU.Build.0 = Release|Any CPU
		{D3374358-E821-40D1-ACF2-620DF7937598}.Debug|Any CPU.ActiveCfg = Debug|Any CPU
		{D3374358-E821-40D1-ACF2-620DF7937598}.Debug|Any CPU.Build.0 = Debug|Any CPU
		{D3374358-E821-40D1-ACF2-620DF7937598}.Release|Any CPU.ActiveCfg = Release|Any CPU
		{D3374358-E821-40D1-ACF2-620DF7937598}.Release|Any CPU.Build.0 = Release|Any CPU
		{14F50745-ABE2-42CD-BE1E-43482371CBF1}.Debug|Any CPU.ActiveCfg = Debug|Any CPU
		{14F50745-ABE2-42CD-BE1E-43482371CBF1}.Debug|Any CPU.Build.0 = Debug|Any CPU
		{14F50745-ABE2-42CD-BE1E-43482371CBF1}.Release|Any CPU.ActiveCfg = Release|Any CPU
		{14F50745-ABE2-42CD-BE1E-43482371CBF1}.Release|Any CPU.Build.0 = Release|Any CPU
		{0AE48FE4-B3A5-4DF2-8C10-1939D863119A}.Debug|Any CPU.ActiveCfg = Debug|Any CPU
		{0AE48FE4-B3A5-4DF2-8C10-1939D863119A}.Debug|Any CPU.Build.0 = Debug|Any CPU
		{0AE48FE4-B3A5-4DF2-8C10-1939D863119A}.Release|Any CPU.ActiveCfg = Release|Any CPU
		{0AE48FE4-B3A5-4DF2-8C10-1939D863119A}.Release|Any CPU.Build.0 = Release|Any CPU
		{F2DB0479-A03F-4EAB-BFD2-E124A2E4B673}.Debug|Any CPU.ActiveCfg = Debug|Any CPU
		{F2DB0479-A03F-4EAB-BFD2-E124A2E4B673}.Debug|Any CPU.Build.0 = Debug|Any CPU
		{F2DB0479-A03F-4EAB-BFD2-E124A2E4B673}.Release|Any CPU.ActiveCfg = Release|Any CPU
		{F2DB0479-A03F-4EAB-BFD2-E124A2E4B673}.Release|Any CPU.Build.0 = Release|Any CPU
		{E0303856-B35A-4FBA-8FE7-CC8EB3894FCC}.Debug|Any CPU.ActiveCfg = Debug|Any CPU
		{E0303856-B35A-4FBA-8FE7-CC8EB3894FCC}.Debug|Any CPU.Build.0 = Debug|Any CPU
		{E0303856-B35A-4FBA-8FE7-CC8EB3894FCC}.Release|Any CPU.ActiveCfg = Release|Any CPU
		{E0303856-B35A-4FBA-8FE7-CC8EB3894FCC}.Release|Any CPU.Build.0 = Release|Any CPU
		{C2C08A26-07A1-4C89-A477-6843B97DA35E}.Debug|Any CPU.ActiveCfg = Debug|Any CPU
		{C2C08A26-07A1-4C89-A477-6843B97DA35E}.Debug|Any CPU.Build.0 = Debug|Any CPU
		{C2C08A26-07A1-4C89-A477-6843B97DA35E}.Release|Any CPU.ActiveCfg = Release|Any CPU
		{C2C08A26-07A1-4C89-A477-6843B97DA35E}.Release|Any CPU.Build.0 = Release|Any CPU
		{93996137-7E95-4EA2-B196-AFB840143300}.Debug|Any CPU.ActiveCfg = Debug|Any CPU
		{93996137-7E95-4EA2-B196-AFB840143300}.Debug|Any CPU.Build.0 = Debug|Any CPU
		{93996137-7E95-4EA2-B196-AFB840143300}.Release|Any CPU.ActiveCfg = Release|Any CPU
		{93996137-7E95-4EA2-B196-AFB840143300}.Release|Any CPU.Build.0 = Release|Any CPU
	EndGlobalSection
	GlobalSection(SolutionProperties) = preSolution
		HideSolutionNode = FALSE
	EndGlobalSection
	GlobalSection(NestedProjects) = preSolution
		{B409074B-64CE-4C80-9F8F-E102A3F1E42F} = {A2B04815-5156-4848-AF2E-63C481BB2E2A}
		{2DFDE79E-B24A-4014-99CD-BF0F7D9C618C} = {E7E1E16A-47E7-400B-B5D9-D9CC4C439657}
		{E7DF3E8D-05B9-4954-8F17-B393EB632DC2} = {E7E1E16A-47E7-400B-B5D9-D9CC4C439657}
		{23E95C5B-961A-4C6F-9AEC-413FF311266E} = {A2B04815-5156-4848-AF2E-63C481BB2E2A}
		{01F95316-1554-4B06-A605-2907B5A26FB4} = {A2B04815-5156-4848-AF2E-63C481BB2E2A}
		{B77F4607-BE53-42C4-99EA-111F5B4245D1} = {A2B04815-5156-4848-AF2E-63C481BB2E2A}
		{4E6B5277-C900-4B46-8FF9-4F01D0A09C09} = {E7E1E16A-47E7-400B-B5D9-D9CC4C439657}
		{FEC07B71-59D0-4D2F-B34F-F29AC13258A8} = {E7E1E16A-47E7-400B-B5D9-D9CC4C439657}
		{DFB4F18B-9127-4B18-9232-5CDD6343CBC7} = {E7E1E16A-47E7-400B-B5D9-D9CC4C439657}
		{7CD5DAD3-180E-4B9F-B391-0EB7FEF28840} = {A2B04815-5156-4848-AF2E-63C481BB2E2A}
		{69628EDE-A040-48DA-BB1C-2929A6642967} = {A2B04815-5156-4848-AF2E-63C481BB2E2A}
		{80A7B584-5C36-4619-9BA4-F49360B95CFD} = {A2B04815-5156-4848-AF2E-63C481BB2E2A}
		{7B31383A-DF62-4B46-A86C-4053DEA03644} = {E7E1E16A-47E7-400B-B5D9-D9CC4C439657}
		{2D03361F-DC5D-4879-8B43-70E04F57CC70} = {A2B04815-5156-4848-AF2E-63C481BB2E2A}
		{7449E139-A305-420F-93B7-10C23705A22D} = {A2B04815-5156-4848-AF2E-63C481BB2E2A}
		{F95F050C-C66F-4A1D-B8C3-907FE393C5C2} = {A2B04815-5156-4848-AF2E-63C481BB2E2A}
		{149BD9A7-37AF-43BA-8A63-D51E524B6574} = {A2B04815-5156-4848-AF2E-63C481BB2E2A}
		{9C777C35-B6DB-4D1F-8B10-B51770AC4915} = {A2B04815-5156-4848-AF2E-63C481BB2E2A}
		{1C326C80-2032-4826-B72C-9035E6FE7CAA} = {E7E1E16A-47E7-400B-B5D9-D9CC4C439657}
		{3465CE58-20F9-4DCB-91AB-75986491C195} = {E7E1E16A-47E7-400B-B5D9-D9CC4C439657}
		{D49F1FFC-2145-4B7A-AB5B-54771F570D0F} = {E7E1E16A-47E7-400B-B5D9-D9CC4C439657}
		{16C8299C-E2BD-48B1-AA41-FCB4651AADE8} = {E7E1E16A-47E7-400B-B5D9-D9CC4C439657}
		{D3374358-E821-40D1-ACF2-620DF7937598} = {A2B04815-5156-4848-AF2E-63C481BB2E2A}
		{14F50745-ABE2-42CD-BE1E-43482371CBF1} = {A2B04815-5156-4848-AF2E-63C481BB2E2A}
		{0AE48FE4-B3A5-4DF2-8C10-1939D863119A} = {A2B04815-5156-4848-AF2E-63C481BB2E2A}
		{F2DB0479-A03F-4EAB-BFD2-E124A2E4B673} = {A2B04815-5156-4848-AF2E-63C481BB2E2A}
		{E0303856-B35A-4FBA-8FE7-CC8EB3894FCC} = {E7E1E16A-47E7-400B-B5D9-D9CC4C439657}
		{C2C08A26-07A1-4C89-A477-6843B97DA35E} = {A2B04815-5156-4848-AF2E-63C481BB2E2A}
		{93996137-7E95-4EA2-B196-AFB840143300} = {A2B04815-5156-4848-AF2E-63C481BB2E2A}
	EndGlobalSection
	GlobalSection(ExtensibilityGlobals) = postSolution
		SolutionGuid = {E6F6773A-33F8-40C6-917A-0F1D97811508}
	EndGlobalSection
EndGlobal
