
Microsoft Visual Studio Solution File, Format Version 12.00
# Visual Studio Version 17
VisualStudioVersion = 17.6.33829.357
MinimumVisualStudioVersion = 10.0.40219.1
Project("{9A19103F-16F7-4668-BE54-9A1E7A4F7556}") = "Exo-00-Intro", "Exo-00-Intro\Exo-00-Intro.csproj", "{B409074B-64CE-4C80-9F8F-E102A3F1E42F}"
EndProject
Project("{9A19103F-16F7-4668-BE54-9A1E7A4F7556}") = "Demo-Variable-Type", "Demo-Variable-Type\Demo-Variable-Type.csproj", "{2DFDE79E-B24A-4014-99CD-BF0F7D9C618C}"
EndProject
Project("{9A19103F-16F7-4668-BE54-9A1E7A4F7556}") = "Demo-Variable-Conversion", "Demo-Variable-Conversion\Demo-Variable-Conversion.csproj", "{E7DF3E8D-05B9-4954-8F17-B393EB632DC2}"
EndProject
Project("{2150E333-8FDC-42A3-9474-1A3956D46DE8}") = "Demos", "Demos", "{E7E1E16A-47E7-400B-B5D9-D9CC4C439657}"
EndProject
Project("{2150E333-8FDC-42A3-9474-1A3956D46DE8}") = "Exos", "Exos", "{A2B04815-5156-4848-AF2E-63C481BB2E2A}"
EndProject
Project("{9A19103F-16F7-4668-BE54-9A1E7A4F7556}") = "Exo-01-Conversion", "Exo-01-Conversion\Exo-01-Conversion.csproj", "{23E95C5B-961A-4C6F-9AEC-413FF311266E}"
EndProject
Project("{9A19103F-16F7-4668-BE54-9A1E7A4F7556}") = "Exo-02-PairImpair", "Exo-02-PairImpair\Exo-02-PairImpair.csproj", "{01F95316-1554-4B06-A605-2907B5A26FB4}"
EndProject
Project("{9A19103F-16F7-4668-BE54-9A1E7A4F7556}") = "Exo-03-JeuxHasard", "Exo-03-JeuxHasard\Exo-03-JeuxHasard.csproj", "{B77F4607-BE53-42C4-99EA-111F5B4245D1}"
EndProject
Project("{9A19103F-16F7-4668-BE54-9A1E7A4F7556}") = "Demo-Operateurs-Incrementation", "Demo-Operateurs-Incrementation\Demo-Operateurs-Incrementation.csproj", "{4E6B5277-C900-4B46-8FF9-4F01D0A09C09}"
EndProject
Project("{9A19103F-16F7-4668-BE54-9A1E7A4F7556}") = "Demo-Operateurs-Ternaire", "Demo-Operateurs-Ternaire\Demo-Operateurs-Ternaire.csproj", "{FEC07B71-59D0-4D2F-B34F-F29AC13258A8}"
EndProject
Project("{9A19103F-16F7-4668-BE54-9A1E7A4F7556}") = "Demo-Fonctions-Substring", "Demo-Fonctions-Substring\Demo-Fonctions-Substring.csproj", "{DFB4F18B-9127-4B18-9232-5CDD6343CBC7}"
EndProject
Project("{9A19103F-16F7-4668-BE54-9A1E7A4F7556}") = "Exo-04-Divisions", "Exo-04-Divisions\Exo-04-Divisions.csproj", "{7CD5DAD3-180E-4B9F-B391-0EB7FEF28840}"
EndProject
Project("{FAE04EC0-301F-11D3-BF4B-00C04F79EFBC}") = "Exo-05-BBAN", "Exo-05-BBAN\Exo-05-BBAN.csproj", "{69628EDE-A040-48DA-BB1C-2929A6642967}"
EndProject
Global
	GlobalSection(SolutionConfigurationPlatforms) = preSolution
		Debug|Any CPU = Debug|Any CPU
		Release|Any CPU = Release|Any CPU
	EndGlobalSection
	GlobalSection(ProjectConfigurationPlatforms) = postSolution
		{B409074B-64CE-4C80-9F8F-E102A3F1E42F}.Debug|Any CPU.ActiveCfg = Debug|Any CPU
		{B409074B-64CE-4C80-9F8F-E102A3F1E42F}.Debug|Any CPU.Build.0 = Debug|Any CPU
		{B409074B-64CE-4C80-9F8F-E102A3F1E42F}.Release|Any CPU.ActiveCfg = Release|Any CPU
		{B409074B-64CE-4C80-9F8F-E102A3F1E42F}.Release|Any CPU.Build.0 = Release|Any CPU
		{2DFDE79E-B24A-4014-99CD-BF0F7D9C618C}.Debug|Any CPU.ActiveCfg = Debug|Any CPU
		{2DFDE79E-B24A-4014-99CD-BF0F7D9C618C}.Debug|Any CPU.Build.0 = Debug|Any CPU
		{2DFDE79E-B24A-4014-99CD-BF0F7D9C618C}.Release|Any CPU.ActiveCfg = Release|Any CPU
		{2DFDE79E-B24A-4014-99CD-BF0F7D9C618C}.Release|Any CPU.Build.0 = Release|Any CPU
		{E7DF3E8D-05B9-4954-8F17-B393EB632DC2}.Debug|Any CPU.ActiveCfg = Debug|Any CPU
		{E7DF3E8D-05B9-4954-8F17-B393EB632DC2}.Debug|Any CPU.Build.0 = Debug|Any CPU
		{E7DF3E8D-05B9-4954-8F17-B393EB632DC2}.Release|Any CPU.ActiveCfg = Release|Any CPU
		{E7DF3E8D-05B9-4954-8F17-B393EB632DC2}.Release|Any CPU.Build.0 = Release|Any CPU
		{23E95C5B-961A-4C6F-9AEC-413FF311266E}.Debug|Any CPU.ActiveCfg = Debug|Any CPU
		{23E95C5B-961A-4C6F-9AEC-413FF311266E}.Debug|Any CPU.Build.0 = Debug|Any CPU
		{23E95C5B-961A-4C6F-9AEC-413FF311266E}.Release|Any CPU.ActiveCfg = Release|Any CPU
		{23E95C5B-961A-4C6F-9AEC-413FF311266E}.Release|Any CPU.Build.0 = Release|Any CPU
		{01F95316-1554-4B06-A605-2907B5A26FB4}.Debug|Any CPU.ActiveCfg = Debug|Any CPU
		{01F95316-1554-4B06-A605-2907B5A26FB4}.Debug|Any CPU.Build.0 = Debug|Any CPU
		{01F95316-1554-4B06-A605-2907B5A26FB4}.Release|Any CPU.ActiveCfg = Release|Any CPU
		{01F95316-1554-4B06-A605-2907B5A26FB4}.Release|Any CPU.Build.0 = Release|Any CPU
		{B77F4607-BE53-42C4-99EA-111F5B4245D1}.Debug|Any CPU.ActiveCfg = Debug|Any CPU
		{B77F4607-BE53-42C4-99EA-111F5B4245D1}.Debug|Any CPU.Build.0 = Debug|Any CPU
		{B77F4607-BE53-42C4-99EA-111F5B4245D1}.Release|Any CPU.ActiveCfg = Release|Any CPU
		{B77F4607-BE53-42C4-99EA-111F5B4245D1}.Release|Any CPU.Build.0 = Release|Any CPU
		{4E6B5277-C900-4B46-8FF9-4F01D0A09C09}.Debug|Any CPU.ActiveCfg = Debug|Any CPU
		{4E6B5277-C900-4B46-8FF9-4F01D0A09C09}.Debug|Any CPU.Build.0 = Debug|Any CPU
		{4E6B5277-C900-4B46-8FF9-4F01D0A09C09}.Release|Any CPU.ActiveCfg = Release|Any CPU
		{4E6B5277-C900-4B46-8FF9-4F01D0A09C09}.Release|Any CPU.Build.0 = Release|Any CPU
		{FEC07B71-59D0-4D2F-B34F-F29AC13258A8}.Debug|Any CPU.ActiveCfg = Debug|Any CPU
		{FEC07B71-59D0-4D2F-B34F-F29AC13258A8}.Debug|Any CPU.Build.0 = Debug|Any CPU
		{FEC07B71-59D0-4D2F-B34F-F29AC13258A8}.Release|Any CPU.ActiveCfg = Release|Any CPU
		{FEC07B71-59D0-4D2F-B34F-F29AC13258A8}.Release|Any CPU.Build.0 = Release|Any CPU
		{DFB4F18B-9127-4B18-9232-5CDD6343CBC7}.Debug|Any CPU.ActiveCfg = Debug|Any CPU
		{DFB4F18B-9127-4B18-9232-5CDD6343CBC7}.Debug|Any CPU.Build.0 = Debug|Any CPU
		{DFB4F18B-9127-4B18-9232-5CDD6343CBC7}.Release|Any CPU.ActiveCfg = Release|Any CPU
		{DFB4F18B-9127-4B18-9232-5CDD6343CBC7}.Release|Any CPU.Build.0 = Release|Any CPU
		{7CD5DAD3-180E-4B9F-B391-0EB7FEF28840}.Debug|Any CPU.ActiveCfg = Debug|Any CPU
		{7CD5DAD3-180E-4B9F-B391-0EB7FEF28840}.Debug|Any CPU.Build.0 = Debug|Any CPU
		{7CD5DAD3-180E-4B9F-B391-0EB7FEF28840}.Release|Any CPU.ActiveCfg = Release|Any CPU
		{7CD5DAD3-180E-4B9F-B391-0EB7FEF28840}.Release|Any CPU.Build.0 = Release|Any CPU
		{69628EDE-A040-48DA-BB1C-2929A6642967}.Debug|Any CPU.ActiveCfg = Debug|Any CPU
		{69628EDE-A040-48DA-BB1C-2929A6642967}.Debug|Any CPU.Build.0 = Debug|Any CPU
		{69628EDE-A040-48DA-BB1C-2929A6642967}.Release|Any CPU.ActiveCfg = Release|Any CPU
		{69628EDE-A040-48DA-BB1C-2929A6642967}.Release|Any CPU.Build.0 = Release|Any CPU
	EndGlobalSection
	GlobalSection(SolutionProperties) = preSolution
		HideSolutionNode = FALSE
	EndGlobalSection
	GlobalSection(NestedProjects) = preSolution
		{B409074B-64CE-4C80-9F8F-E102A3F1E42F} = {A2B04815-5156-4848-AF2E-63C481BB2E2A}
		{2DFDE79E-B24A-4014-99CD-BF0F7D9C618C} = {E7E1E16A-47E7-400B-B5D9-D9CC4C439657}
		{E7DF3E8D-05B9-4954-8F17-B393EB632DC2} = {E7E1E16A-47E7-400B-B5D9-D9CC4C439657}
		{23E95C5B-961A-4C6F-9AEC-413FF311266E} = {A2B04815-5156-4848-AF2E-63C481BB2E2A}
		{01F95316-1554-4B06-A605-2907B5A26FB4} = {A2B04815-5156-4848-AF2E-63C481BB2E2A}
		{B77F4607-BE53-42C4-99EA-111F5B4245D1} = {A2B04815-5156-4848-AF2E-63C481BB2E2A}
		{4E6B5277-C900-4B46-8FF9-4F01D0A09C09} = {E7E1E16A-47E7-400B-B5D9-D9CC4C439657}
		{FEC07B71-59D0-4D2F-B34F-F29AC13258A8} = {E7E1E16A-47E7-400B-B5D9-D9CC4C439657}
		{DFB4F18B-9127-4B18-9232-5CDD6343CBC7} = {E7E1E16A-47E7-400B-B5D9-D9CC4C439657}
		{7CD5DAD3-180E-4B9F-B391-0EB7FEF28840} = {A2B04815-5156-4848-AF2E-63C481BB2E2A}
		{69628EDE-A040-48DA-BB1C-2929A6642967} = {A2B04815-5156-4848-AF2E-63C481BB2E2A}
	EndGlobalSection
	GlobalSection(ExtensibilityGlobals) = postSolution
		SolutionGuid = {E6F6773A-33F8-40C6-917A-0F1D97811508}
	EndGlobalSection
EndGlobal
